
Microsoft Visual Studio Solution File, Format Version 12.00
# Visual Studio Version 17
VisualStudioVersion = 17.10.35027.167
MinimumVisualStudioVersion = 10.0.40219.1
Project("{FAE04EC0-301F-11D3-BF4B-00C04F79EFBC}") = "BussinessAPI", "BussinessAPI\BussinessAPI.csproj", "{26BC3DE4-19D1-4FAD-A5A4-672B51261E4B}"
EndProject
Project("{FAE04EC0-301F-11D3-BF4B-00C04F79EFBC}") = "DataAPI", "DataAPI\DataAPI.csproj", "{B429BF1A-6F7C-4A6A-9DA7-F5B708CC53A3}"
EndProject
Project("{FAE04EC0-301F-11D3-BF4B-00C04F79EFBC}") = "CurrencyWebSite", "CurrencyWebSite\CurrencyWebSite.csproj", "{B4D86049-10F9-4EAA-ACE6-3A3E0E9F1B8A}"
EndProject
Global
	GlobalSection(SolutionConfigurationPlatforms) = preSolution
		Debug|Any CPU = Debug|Any CPU
		Release|Any CPU = Release|Any CPU
	EndGlobalSection
	GlobalSection(ProjectConfigurationPlatforms) = postSolution
		{26BC3DE4-19D1-4FAD-A5A4-672B51261E4B}.Debug|Any CPU.ActiveCfg = Debug|Any CPU
		{26BC3DE4-19D1-4FAD-A5A4-672B51261E4B}.Debug|Any CPU.Build.0 = Debug|Any CPU
		{26BC3DE4-19D1-4FAD-A5A4-672B51261E4B}.Release|Any CPU.ActiveCfg = Release|Any CPU
		{26BC3DE4-19D1-4FAD-A5A4-672B51261E4B}.Release|Any CPU.Build.0 = Release|Any CPU
		{B429BF1A-6F7C-4A6A-9DA7-F5B708CC53A3}.Debug|Any CPU.ActiveCfg = Debug|Any CPU
		{B429BF1A-6F7C-4A6A-9DA7-F5B708CC53A3}.Debug|Any CPU.Build.0 = Debug|Any CPU
		{B429BF1A-6F7C-4A6A-9DA7-F5B708CC53A3}.Release|Any CPU.ActiveCfg = Release|Any CPU
		{B429BF1A-6F7C-4A6A-9DA7-F5B708CC53A3}.Release|Any CPU.Build.0 = Release|Any CPU
		{B4D86049-10F9-4EAA-ACE6-3A3E0E9F1B8A}.Debug|Any CPU.ActiveCfg = Debug|Any CPU
		{B4D86049-10F9-4EAA-ACE6-3A3E0E9F1B8A}.Debug|Any CPU.Build.0 = Debug|Any CPU
		{B4D86049-10F9-4EAA-ACE6-3A3E0E9F1B8A}.Release|Any CPU.ActiveCfg = Release|Any CPU
		{B4D86049-10F9-4EAA-ACE6-3A3E0E9F1B8A}.Release|Any CPU.Build.0 = Release|Any CPU
	EndGlobalSection
	GlobalSection(SolutionProperties) = preSolution
		HideSolutionNode = FALSE
	EndGlobalSection
	GlobalSection(ExtensibilityGlobals) = postSolution
		SolutionGuid = {038FEA12-90C1-431C-9EDE-9A178429BBA7}
	EndGlobalSection
EndGlobal
